
Microsoft Visual Studio Solution File, Format Version 12.00
# Visual Studio Version 17
VisualStudioVersion = 17.14.37012.4 d17.14
MinimumVisualStudioVersion = 10.0.40219.1
Project("{FAE04EC0-301F-11D3-BF4B-00C04F79EFBC}") = "AppCadastro", "AppCadastro.csproj", "{2DA05739-518A-4AFA-A849-D19F4B2D0915}"
EndProject
Global
	GlobalSection(SolutionConfigurationPlatforms) = preSolution
		Debug|Any CPU = Debug|Any CPU
		Release|Any CPU = Release|Any CPU
	EndGlobalSection
	GlobalSection(ProjectConfigurationPlatforms) = postSolution
		{2DA05739-518A-4AFA-A849-D19F4B2D0915}.Debug|Any CPU.ActiveCfg = Debug|Any CPU
		{2DA05739-518A-4AFA-A849-D19F4B2D0915}.Debug|Any CPU.Build.0 = Debug|Any CPU
		{2DA05739-518A-4AFA-A849-D19F4B2D0915}.Release|Any CPU.ActiveCfg = Release|Any CPU
		{2DA05739-518A-4AFA-A849-D19F4B2D0915}.Release|Any CPU.Build.0 = Release|Any CPU
	EndGlobalSection
	GlobalSection(SolutionProperties) = preSolution
		HideSolutionNode = FALSE
	EndGlobalSection
	GlobalSection(ExtensibilityGlobals) = postSolution
		SolutionGuid = {124B2558-EEC7-4A88-9F77-4292367E8048}
	EndGlobalSection
EndGlobal
